
Microsoft Visual Studio Solution File, Format Version 12.00
# Visual Studio Version 17
VisualStudioVersion = 17.0.31903.59
MinimumVisualStudioVersion = 10.0.40219.1
Project("{2150E333-8FDC-42A3-9474-1A3956D46DE8}") = "src", "src", "{827E0CD3-B72D-47B6-A68D-7590B98EB39B}"
EndProject
Project("{FAE04EC0-301F-11D3-BF4B-00C04F79EFBC}") = "InvoicePlatform.Api", "src\InvoicePlatform.Api\InvoicePlatform.Api.csproj", "{CED5A845-410A-4DAD-908A-336D80FDD7BF}"
EndProject
Project("{FAE04EC0-301F-11D3-BF4B-00C04F79EFBC}") = "InvoicePlatform.Application", "src\InvoicePlatform.Application\InvoicePlatform.Application.csproj", "{E6E361E0-11DC-4F83-9EC4-0F81878D6C52}"
EndProject
Project("{FAE04EC0-301F-11D3-BF4B-00C04F79EFBC}") = "InvoicePlatform.Domain", "src\InvoicePlatform.Domain\InvoicePlatform.Domain.csproj", "{40FC6CB4-F314-4C2D-AD4B-0DBB7FD30E6F}"
EndProject
Project("{FAE04EC0-301F-11D3-BF4B-00C04F79EFBC}") = "InvoicePlatform.Infrastructure", "src\InvoicePlatform.Infrastructure\InvoicePlatform.Infrastructure.csproj", "{15B72C3E-F6A6-41CC-8921-6EF92EE63A64}"
EndProject
Global
	GlobalSection(SolutionConfigurationPlatforms) = preSolution
		Debug|Any CPU = Debug|Any CPU
		Debug|x64 = Debug|x64
		Debug|x86 = Debug|x86
		Release|Any CPU = Release|Any CPU
		Release|x64 = Release|x64
		Release|x86 = Release|x86
	EndGlobalSection
	GlobalSection(ProjectConfigurationPlatforms) = postSolution
		{CED5A845-410A-4DAD-908A-336D80FDD7BF}.Debug|Any CPU.ActiveCfg = Debug|Any CPU
		{CED5A845-410A-4DAD-908A-336D80FDD7BF}.Debug|Any CPU.Build.0 = Debug|Any CPU
		{CED5A845-410A-4DAD-908A-336D80FDD7BF}.Debug|x64.ActiveCfg = Debug|Any CPU
		{CED5A845-410A-4DAD-908A-336D80FDD7BF}.Debug|x64.Build.0 = Debug|Any CPU
		{CED5A845-410A-4DAD-908A-336D80FDD7BF}.Debug|x86.ActiveCfg = Debug|Any CPU
		{CED5A845-410A-4DAD-908A-336D80FDD7BF}.Debug|x86.Build.0 = Debug|Any CPU
		{CED5A845-410A-4DAD-908A-336D80FDD7BF}.Release|Any CPU.ActiveCfg = Release|Any CPU
		{CED5A845-410A-4DAD-908A-336D80FDD7BF}.Release|Any CPU.Build.0 = Release|Any CPU
		{CED5A845-410A-4DAD-908A-336D80FDD7BF}.Release|x64.ActiveCfg = Release|Any CPU
		{CED5A845-410A-4DAD-908A-336D80FDD7BF}.Release|x64.Build.0 = Release|Any CPU
		{CED5A845-410A-4DAD-908A-336D80FDD7BF}.Release|x86.ActiveCfg = Release|Any CPU
		{CED5A845-410A-4DAD-908A-336D80FDD7BF}.Release|x86.Build.0 = Release|Any CPU
		{E6E361E0-11DC-4F83-9EC4-0F81878D6C52}.Debug|Any CPU.ActiveCfg = Debug|Any CPU
		{E6E361E0-11DC-4F83-9EC4-0F81878D6C52}.Debug|Any CPU.Build.0 = Debug|Any CPU
		{E6E361E0-11DC-4F83-9EC4-0F81878D6C52}.Debug|x64.ActiveCfg = Debug|Any CPU
		{E6E361E0-11DC-4F83-9EC4-0F81878D6C52}.Debug|x64.Build.0 = Debug|Any CPU
		{E6E361E0-11DC-4F83-9EC4-0F81878D6C52}.Debug|x86.ActiveCfg = Debug|Any CPU
		{E6E361E0-11DC-4F83-9EC4-0F81878D6C52}.Debug|x86.Build.0 = Debug|Any CPU
		{E6E361E0-11DC-4F83-9EC4-0F81878D6C52}.Release|Any CPU.ActiveCfg = Release|Any CPU
		{E6E361E0-11DC-4F83-9EC4-0F81878D6C52}.Release|Any CPU.Build.0 = Release|Any CPU
		{E6E361E0-11DC-4F83-9EC4-0F81878D6C52}.Release|x64.ActiveCfg = Release|Any CPU
		{E6E361E0-11DC-4F83-9EC4-0F81878D6C52}.Release|x64.Build.0 = Release|Any CPU
		{E6E361E0-11DC-4F83-9EC4-0F81878D6C52}.Release|x86.ActiveCfg = Release|Any CPU
		{E6E361E0-11DC-4F83-9EC4-0F81878D6C52}.Release|x86.Build.0 = Release|Any CPU
		{40FC6CB4-F314-4C2D-AD4B-0DBB7FD30E6F}.Debug|Any CPU.ActiveCfg = Debug|Any CPU
		{40FC6CB4-F314-4C2D-AD4B-0DBB7FD30E6F}.Debug|Any CPU.Build.0 = Debug|Any CPU
		{40FC6CB4-F314-4C2D-AD4B-0DBB7FD30E6F}.Debug|x64.ActiveCfg = Debug|Any CPU
		{40FC6CB4-F314-4C2D-AD4B-0DBB7FD30E6F}.Debug|x64.Build.0 = Debug|Any CPU
		{40FC6CB4-F314-4C2D-AD4B-0DBB7FD30E6F}.Debug|x86.ActiveCfg = Debug|Any CPU
		{40FC6CB4-F314-4C2D-AD4B-0DBB7FD30E6F}.Debug|x86.Build.0 = Debug|Any CPU
		{40FC6CB4-F314-4C2D-AD4B-0DBB7FD30E6F}.Release|Any CPU.ActiveCfg = Release|Any CPU
		{40FC6CB4-F314-4C2D-AD4B-0DBB7FD30E6F}.Release|Any CPU.Build.0 = Release|Any CPU
		{40FC6CB4-F314-4C2D-AD4B-0DBB7FD30E6F}.Release|x64.ActiveCfg = Release|Any CPU
		{40FC6CB4-F314-4C2D-AD4B-0DBB7FD30E6F}.Release|x64.Build.0 = Release|Any CPU
		{40FC6CB4-F314-4C2D-AD4B-0DBB7FD30E6F}.Release|x86.ActiveCfg = Release|Any CPU
		{40FC6CB4-F314-4C2D-AD4B-0DBB7FD30E6F}.Release|x86.Build.0 = Release|Any CPU
		{15B72C3E-F6A6-41CC-8921-6EF92EE63A64}.Debug|Any CPU.ActiveCfg = Debug|Any CPU
		{15B72C3E-F6A6-41CC-8921-6EF92EE63A64}.Debug|Any CPU.Build.0 = Debug|Any CPU
		{15B72C3E-F6A6-41CC-8921-6EF92EE63A64}.Debug|x64.ActiveCfg = Debug|Any CPU
		{15B72C3E-F6A6-41CC-8921-6EF92EE63A64}.Debug|x64.Build.0 = Debug|Any CPU
		{15B72C3E-F6A6-41CC-8921-6EF92EE63A64}.Debug|x86.ActiveCfg = Debug|Any CPU
		{15B72C3E-F6A6-41CC-8921-6EF92EE63A64}.Debug|x86.Build.0 = Debug|Any CPU
		{15B72C3E-F6A6-41CC-8921-6EF92EE63A64}.Release|Any CPU.ActiveCfg = Release|Any CPU
		{15B72C3E-F6A6-41CC-8921-6EF92EE63A64}.Release|Any CPU.Build.0 = Release|Any CPU
		{15B72C3E-F6A6-41CC-8921-6EF92EE63A64}.Release|x64.ActiveCfg = Release|Any CPU
		{15B72C3E-F6A6-41CC-8921-6EF92EE63A64}.Release|x64.Build.0 = Release|Any CPU
		{15B72C3E-F6A6-41CC-8921-6EF92EE63A64}.Release|x86.ActiveCfg = Release|Any CPU
		{15B72C3E-F6A6-41CC-8921-6EF92EE63A64}.Release|x86.Build.0 = Release|Any CPU
	EndGlobalSection
	GlobalSection(SolutionProperties) = preSolution
		HideSolutionNode = FALSE
	EndGlobalSection
	GlobalSection(NestedProjects) = preSolution
		{CED5A845-410A-4DAD-908A-336D80FDD7BF} = {827E0CD3-B72D-47B6-A68D-7590B98EB39B}
		{E6E361E0-11DC-4F83-9EC4-0F81878D6C52} = {827E0CD3-B72D-47B6-A68D-7590B98EB39B}
		{40FC6CB4-F314-4C2D-AD4B-0DBB7FD30E6F} = {827E0CD3-B72D-47B6-A68D-7590B98EB39B}
		{15B72C3E-F6A6-41CC-8921-6EF92EE63A64} = {827E0CD3-B72D-47B6-A68D-7590B98EB39B}
	EndGlobalSection
EndGlobal
